
Microsoft Visual Studio Solution File, Format Version 12.00
# Visual Studio Version 16
VisualStudioVersion = 16.0.31624.102
MinimumVisualStudioVersion = 10.0.40219.1
Project("{FAE04EC0-301F-11D3-BF4B-00C04F79EFBC}") = "JocRobot", "JocRobot.csproj", "{5EDC22BE-516F-4779-AA31-BF174C3175FB}"
EndProject
Global
	GlobalSection(SolutionConfigurationPlatforms) = preSolution
		Debug|Any CPU = Debug|Any CPU
		Release|Any CPU = Release|Any CPU
	EndGlobalSection
	GlobalSection(ProjectConfigurationPlatforms) = postSolution
		{5EDC22BE-516F-4779-AA31-BF174C3175FB}.Debug|Any CPU.ActiveCfg = Debug|Any CPU
		{5EDC22BE-516F-4779-AA31-BF174C3175FB}.Debug|Any CPU.Build.0 = Debug|Any CPU
		{5EDC22BE-516F-4779-AA31-BF174C3175FB}.Release|Any CPU.ActiveCfg = Release|Any CPU
		{5EDC22BE-516F-4779-AA31-BF174C3175FB}.Release|Any CPU.Build.0 = Release|Any CPU
	EndGlobalSection
	GlobalSection(SolutionProperties) = preSolution
		HideSolutionNode = FALSE
	EndGlobalSection
	GlobalSection(ExtensibilityGlobals) = postSolution
		SolutionGuid = {2C074BB9-8D72-4693-885E-69B0F90ED1A9}
	EndGlobalSection
EndGlobal
